
Microsoft Visual Studio Solution File, Format Version 12.00
# Visual Studio 15
VisualStudioVersion = 15.0.28307.329
MinimumVisualStudioVersion = 10.0.40219.1
Project("{9A19103F-16F7-4668-BE54-9A1E7A4F7556}") = "signalR-Core", "signalR-Core\signalR-Core.csproj", "{013FC600-5E36-4958-9CC1-01E6E42D20FD}"
EndProject
Global
	GlobalSection(SolutionConfigurationPlatforms) = preSolution
		Debug|Any CPU = Debug|Any CPU
		Release|Any CPU = Release|Any CPU
	EndGlobalSection
	GlobalSection(ProjectConfigurationPlatforms) = postSolution
		{013FC600-5E36-4958-9CC1-01E6E42D20FD}.Debug|Any CPU.ActiveCfg = Debug|Any CPU
		{013FC600-5E36-4958-9CC1-01E6E42D20FD}.Debug|Any CPU.Build.0 = Debug|Any CPU
		{013FC600-5E36-4958-9CC1-01E6E42D20FD}.Release|Any CPU.ActiveCfg = Release|Any CPU
		{013FC600-5E36-4958-9CC1-01E6E42D20FD}.Release|Any CPU.Build.0 = Release|Any CPU
	EndGlobalSection
	GlobalSection(SolutionProperties) = preSolution
		HideSolutionNode = FALSE
	EndGlobalSection
	GlobalSection(ExtensibilityGlobals) = postSolution
		SolutionGuid = {778F3AAB-C87E-44BB-98BA-BF494A03AEC4}
	EndGlobalSection
EndGlobal
